
Microsoft Visual Studio Solution File, Format Version 12.00
# Visual Studio 15
VisualStudioVersion = 15.0.28010.2036
MinimumVisualStudioVersion = 10.0.40219.1
Project("{FAE04EC0-301F-11D3-BF4B-00C04F79EFBC}") = "AspNetApplication", "AspNetApplication\AspNetApplication.csproj", "{D84F4EAE-C1FC-4F01-84C5-27083DC7BE0C}"
EndProject
Project("{FAE04EC0-301F-11D3-BF4B-00C04F79EFBC}") = "WebFormsApplication", "WebFormsApplication\WebFormsApplication.csproj", "{12A2C0EC-5B5E-404A-AD00-93070F33716E}"
EndProject
Project("{E24C65DC-7377-472B-9ABA-BC803B73C61A}") = "RazorWebPagesApplication", "RazorWebPagesApplication\", "{F000A920-0665-4D3F-9A42-61DFAAD2FD31}"
	ProjectSection(WebsiteProperties) = preProject
		SccProjectName = ""
		SccAuxPath = ""
		SccLocalPath = ""
		SccProvider = ""
		TargetFrameworkMoniker = ".NETFramework,Version%3Dv4.6.1"
		Debug.AspNetCompiler.VirtualPath = "/localhost_27182"
		Debug.AspNetCompiler.PhysicalPath = "RazorWebPagesApplication\"
		Debug.AspNetCompiler.TargetPath = "PrecompiledWeb\localhost_27182\"
		Debug.AspNetCompiler.Updateable = "true"
		Debug.AspNetCompiler.ForceOverwrite = "true"
		Debug.AspNetCompiler.FixedNames = "false"
		Debug.AspNetCompiler.Debug = "True"
		Release.AspNetCompiler.VirtualPath = "/localhost_27182"
		Release.AspNetCompiler.PhysicalPath = "RazorWebPagesApplication\"
		Release.AspNetCompiler.TargetPath = "PrecompiledWeb\localhost_27182\"
		Release.AspNetCompiler.Updateable = "true"
		Release.AspNetCompiler.ForceOverwrite = "true"
		Release.AspNetCompiler.FixedNames = "false"
		Release.AspNetCompiler.Debug = "False"
		VWDPort = "27182"
		SlnRelativePath = "RazorWebPagesApplication\"
		DefaultWebSiteLanguage = "Visual C#"
	EndProjectSection
EndProject
Project("{FAE04EC0-301F-11D3-BF4B-00C04F79EFBC}") = "MVCApplication", "MVCApplication\MVCApplication.csproj", "{8D8FBFC8-DE60-4A38-95A6-50F2D7CAB0B0}"
EndProject
Project("{FAE04EC0-301F-11D3-BF4B-00C04F79EFBC}") = "RouxAcademyWebApi", "RouxAcademyWebApi\RouxAcademyWebApi.csproj", "{2D18950A-4549-4E37-AD87-871464BDF343}"
EndProject
Global
	GlobalSection(SolutionConfigurationPlatforms) = preSolution
		Debug|Any CPU = Debug|Any CPU
		Release|Any CPU = Release|Any CPU
	EndGlobalSection
	GlobalSection(ProjectConfigurationPlatforms) = postSolution
		{D84F4EAE-C1FC-4F01-84C5-27083DC7BE0C}.Debug|Any CPU.ActiveCfg = Debug|Any CPU
		{D84F4EAE-C1FC-4F01-84C5-27083DC7BE0C}.Debug|Any CPU.Build.0 = Debug|Any CPU
		{D84F4EAE-C1FC-4F01-84C5-27083DC7BE0C}.Release|Any CPU.ActiveCfg = Release|Any CPU
		{D84F4EAE-C1FC-4F01-84C5-27083DC7BE0C}.Release|Any CPU.Build.0 = Release|Any CPU
		{12A2C0EC-5B5E-404A-AD00-93070F33716E}.Debug|Any CPU.ActiveCfg = Debug|Any CPU
		{12A2C0EC-5B5E-404A-AD00-93070F33716E}.Debug|Any CPU.Build.0 = Debug|Any CPU
		{12A2C0EC-5B5E-404A-AD00-93070F33716E}.Release|Any CPU.ActiveCfg = Release|Any CPU
		{12A2C0EC-5B5E-404A-AD00-93070F33716E}.Release|Any CPU.Build.0 = Release|Any CPU
		{F000A920-0665-4D3F-9A42-61DFAAD2FD31}.Debug|Any CPU.ActiveCfg = Debug|Any CPU
		{F000A920-0665-4D3F-9A42-61DFAAD2FD31}.Debug|Any CPU.Build.0 = Debug|Any CPU
		{F000A920-0665-4D3F-9A42-61DFAAD2FD31}.Release|Any CPU.ActiveCfg = Debug|Any CPU
		{F000A920-0665-4D3F-9A42-61DFAAD2FD31}.Release|Any CPU.Build.0 = Debug|Any CPU
		{8D8FBFC8-DE60-4A38-95A6-50F2D7CAB0B0}.Debug|Any CPU.ActiveCfg = Debug|Any CPU
		{8D8FBFC8-DE60-4A38-95A6-50F2D7CAB0B0}.Debug|Any CPU.Build.0 = Debug|Any CPU
		{8D8FBFC8-DE60-4A38-95A6-50F2D7CAB0B0}.Release|Any CPU.ActiveCfg = Release|Any CPU
		{8D8FBFC8-DE60-4A38-95A6-50F2D7CAB0B0}.Release|Any CPU.Build.0 = Release|Any CPU
		{2D18950A-4549-4E37-AD87-871464BDF343}.Debug|Any CPU.ActiveCfg = Debug|Any CPU
		{2D18950A-4549-4E37-AD87-871464BDF343}.Debug|Any CPU.Build.0 = Debug|Any CPU
		{2D18950A-4549-4E37-AD87-871464BDF343}.Release|Any CPU.ActiveCfg = Release|Any CPU
		{2D18950A-4549-4E37-AD87-871464BDF343}.Release|Any CPU.Build.0 = Release|Any CPU
	EndGlobalSection
	GlobalSection(SolutionProperties) = preSolution
		HideSolutionNode = FALSE
	EndGlobalSection
	GlobalSection(ExtensibilityGlobals) = postSolution
		SolutionGuid = {FA08CB0F-736F-468B-8050-3180261EE1FC}
	EndGlobalSection
EndGlobal
