
Microsoft Visual Studio Solution File, Format Version 12.00
# Visual Studio 15
VisualStudioVersion = 15.0.28307.271
MinimumVisualStudioVersion = 10.0.40219.1
Project("{FAE04EC0-301F-11D3-BF4B-00C04F79EFBC}") = "AspNetApplication", "AspNetApplication\AspNetApplication.csproj", "{834DFD4D-E356-482F-8CD0-A14098FB0D71}"
EndProject
Project("{FAE04EC0-301F-11D3-BF4B-00C04F79EFBC}") = "WebFormsApplication", "WebFormsApplication\WebFormsApplication.csproj", "{3860849D-5AD5-4D24-801C-BF0C73A93F7E}"
EndProject
Project("{E24C65DC-7377-472B-9ABA-BC803B73C61A}") = "RazorWebPagesApplication", "RazorWebPagesApplication\", "{902CAFB3-F9B4-4A80-9F43-0BC76AB6A7FD}"
	ProjectSection(WebsiteProperties) = preProject
		TargetFrameworkMoniker = ".NETFramework,Version%3Dv4.6.1"
		Debug.AspNetCompiler.VirtualPath = "/localhost_28587"
		Debug.AspNetCompiler.PhysicalPath = "RazorWebPagesApplication\"
		Debug.AspNetCompiler.TargetPath = "PrecompiledWeb\localhost_28587\"
		Debug.AspNetCompiler.Updateable = "true"
		Debug.AspNetCompiler.ForceOverwrite = "true"
		Debug.AspNetCompiler.FixedNames = "false"
		Debug.AspNetCompiler.Debug = "True"
		Release.AspNetCompiler.VirtualPath = "/localhost_28587"
		Release.AspNetCompiler.PhysicalPath = "RazorWebPagesApplication\"
		Release.AspNetCompiler.TargetPath = "PrecompiledWeb\localhost_28587\"
		Release.AspNetCompiler.Updateable = "true"
		Release.AspNetCompiler.ForceOverwrite = "true"
		Release.AspNetCompiler.FixedNames = "false"
		Release.AspNetCompiler.Debug = "False"
		VWDPort = "28587"
		SlnRelativePath = "RazorWebPagesApplication\"
		DefaultWebSiteLanguage = "Visual C#"
	EndProjectSection
EndProject
Global
	GlobalSection(SolutionConfigurationPlatforms) = preSolution
		Debug|Any CPU = Debug|Any CPU
		Release|Any CPU = Release|Any CPU
	EndGlobalSection
	GlobalSection(ProjectConfigurationPlatforms) = postSolution
		{834DFD4D-E356-482F-8CD0-A14098FB0D71}.Debug|Any CPU.ActiveCfg = Debug|Any CPU
		{834DFD4D-E356-482F-8CD0-A14098FB0D71}.Debug|Any CPU.Build.0 = Debug|Any CPU
		{834DFD4D-E356-482F-8CD0-A14098FB0D71}.Release|Any CPU.ActiveCfg = Release|Any CPU
		{834DFD4D-E356-482F-8CD0-A14098FB0D71}.Release|Any CPU.Build.0 = Release|Any CPU
		{3860849D-5AD5-4D24-801C-BF0C73A93F7E}.Debug|Any CPU.ActiveCfg = Debug|Any CPU
		{3860849D-5AD5-4D24-801C-BF0C73A93F7E}.Debug|Any CPU.Build.0 = Debug|Any CPU
		{3860849D-5AD5-4D24-801C-BF0C73A93F7E}.Release|Any CPU.ActiveCfg = Release|Any CPU
		{3860849D-5AD5-4D24-801C-BF0C73A93F7E}.Release|Any CPU.Build.0 = Release|Any CPU
		{902CAFB3-F9B4-4A80-9F43-0BC76AB6A7FD}.Debug|Any CPU.ActiveCfg = Debug|Any CPU
		{902CAFB3-F9B4-4A80-9F43-0BC76AB6A7FD}.Debug|Any CPU.Build.0 = Debug|Any CPU
		{902CAFB3-F9B4-4A80-9F43-0BC76AB6A7FD}.Release|Any CPU.ActiveCfg = Debug|Any CPU
		{902CAFB3-F9B4-4A80-9F43-0BC76AB6A7FD}.Release|Any CPU.Build.0 = Debug|Any CPU
	EndGlobalSection
	GlobalSection(SolutionProperties) = preSolution
		HideSolutionNode = FALSE
	EndGlobalSection
	GlobalSection(ExtensibilityGlobals) = postSolution
		SolutionGuid = {45CA66E3-B186-42DF-9374-C31A563E2886}
	EndGlobalSection
EndGlobal
